
Microsoft Visual Studio Solution File, Format Version 12.00
# Visual Studio Version 17
VisualStudioVersion = 17.4.33205.214
MinimumVisualStudioVersion = 10.0.40219.1
Project("{FAE04EC0-301F-11D3-BF4B-00C04F79EFBC}") = "BankingSolution", "BankingSolution\BankingSolution.csproj", "{FCB0C816-DEA1-4B47-8366-81E0939AC6DA}"
EndProject
Global
	GlobalSection(SolutionConfigurationPlatforms) = preSolution
		Debug|Any CPU = Debug|Any CPU
		Release|Any CPU = Release|Any CPU
	EndGlobalSection
	GlobalSection(ProjectConfigurationPlatforms) = postSolution
		{FCB0C816-DEA1-4B47-8366-81E0939AC6DA}.Debug|Any CPU.ActiveCfg = Debug|Any CPU
		{FCB0C816-DEA1-4B47-8366-81E0939AC6DA}.Debug|Any CPU.Build.0 = Debug|Any CPU
		{FCB0C816-DEA1-4B47-8366-81E0939AC6DA}.Release|Any CPU.ActiveCfg = Release|Any CPU
		{FCB0C816-DEA1-4B47-8366-81E0939AC6DA}.Release|Any CPU.Build.0 = Release|Any CPU
	EndGlobalSection
	GlobalSection(SolutionProperties) = preSolution
		HideSolutionNode = FALSE
	EndGlobalSection
	GlobalSection(ExtensibilityGlobals) = postSolution
		SolutionGuid = {EEEBD0D7-80D2-418E-8BB4-B5F52B8A8B9E}
	EndGlobalSection
EndGlobal
